
Microsoft Visual Studio Solution File, Format Version 12.00
# Visual Studio Version 16
VisualStudioVersion = 16.0.29409.12
MinimumVisualStudioVersion = 10.0.40219.1
Project("{FAE04EC0-301F-11D3-BF4B-00C04F79EFBC}") = "LuaToolDotNet", "LuaToolDotNet\LuaToolDotNet.csproj", "{6E2E21AE-D384-4C02-BE84-E86DDA067376}"
EndProject
Global
	GlobalSection(SolutionConfigurationPlatforms) = preSolution
		Debug|Any CPU = Debug|Any CPU
		Release|Any CPU = Release|Any CPU
	EndGlobalSection
	GlobalSection(ProjectConfigurationPlatforms) = postSolution
		{6E2E21AE-D384-4C02-BE84-E86DDA067376}.Debug|Any CPU.ActiveCfg = Debug|Any CPU
		{6E2E21AE-D384-4C02-BE84-E86DDA067376}.Debug|Any CPU.Build.0 = Debug|Any CPU
		{6E2E21AE-D384-4C02-BE84-E86DDA067376}.Release|Any CPU.ActiveCfg = Release|Any CPU
		{6E2E21AE-D384-4C02-BE84-E86DDA067376}.Release|Any CPU.Build.0 = Release|Any CPU
	EndGlobalSection
	GlobalSection(SolutionProperties) = preSolution
		HideSolutionNode = FALSE
	EndGlobalSection
	GlobalSection(ExtensibilityGlobals) = postSolution
		SolutionGuid = {1BD02886-9C88-4FD8-A06A-2BDCFFF5D0F3}
	EndGlobalSection
EndGlobal
